# This file is autogenerated, do not edit; changes may be undone by the next 'dep ensure'.


[[projects]]
  name = "cloud.google.com/go"
  packages = [
    "compute/metadata",
    "iam",
    "internal/optional",
    "internal/version",
    "pubsub",
    "pubsub/apiv1",
    "pubsub/internal/distribution"
  ]
  revision = "74b12019e2aa53ec27882158f59192d7cd6d1998"
  version = "v0.33.1"

[[projects]]
  branch = "master"
  name = "github.com/Azure/go-ansiterm"
  packages = [
    ".",
    "winterm"
  ]
  revision = "d6e3b3328b783f23731bc4d058875b0371ff8109"

[[projects]]
  branch = "master"
  name = "github.com/HouzuoGuo/tiedot"
  packages = [
    "data",
    "db",
    "dberr",
    "gommap",
    "tdlog"
  ]
  revision = "791033267fb3d7b02f0465a2527e8048485ee506"

[[projects]]
  name = "github.com/Microsoft/go-winio"
  packages = ["."]
  revision = "97e4973ce50b2ff5f09635a57e2b88a037aae829"
  version = "v0.4.11"

[[projects]]
  branch = "master"
  name = "github.com/MottainaiCI/passlib"
  packages = ["."]
  revision = "f6527380e5ed8dc116bebcf3463ca46951b450b2"

[[projects]]
  branch = "master"
  name = "github.com/MottainaiCI/vagrantutil"
  packages = ["."]
  revision = "c8f45988a24e05de76907af2e9672af54dd3fba0"

[[projects]]
  branch = "master"
  name = "github.com/Nvveen/Gotty"
  packages = ["."]
  revision = "cd527374f1e5bff4938207604a14f2e38a9cf512"

[[projects]]
  branch = "master"
  name = "github.com/RichardKnop/logging"
  packages = ["."]
  revision = "75cec7213f7c943e23933d5b4fa2733a9705f196"

[[projects]]
  name = "github.com/RichardKnop/machinery"
  packages = [
    "v1",
    "v1/backends/amqp",
    "v1/backends/dynamodb",
    "v1/backends/eager",
    "v1/backends/iface",
    "v1/backends/memcache",
    "v1/backends/mongo",
    "v1/backends/redis",
    "v1/backends/result",
    "v1/brokers/amqp",
    "v1/brokers/eager",
    "v1/brokers/errs",
    "v1/brokers/gcppubsub",
    "v1/brokers/iface",
    "v1/brokers/redis",
    "v1/brokers/sqs",
    "v1/common",
    "v1/config",
    "v1/log",
    "v1/retry",
    "v1/tasks",
    "v1/tracing"
  ]
  revision = "21f6dd0def9983b08c773554c89f64b0176da3a2"
  version = "v1.5.3"

[[projects]]
  name = "github.com/RichardKnop/redsync"
  packages = ["."]
  revision = "54b27db64c180751e7049321a2e109ff220ccdcc"
  version = "v1.2.0"

[[projects]]
  branch = "master"
  name = "github.com/Unknwon/com"
  packages = ["."]
  revision = "41959bdd855fb7db467f78865d5f9044507df1cd"

[[projects]]
  name = "github.com/aws/aws-sdk-go"
  packages = [
    "aws",
    "aws/awserr",
    "aws/awsutil",
    "aws/client",
    "aws/client/metadata",
    "aws/corehandlers",
    "aws/credentials",
    "aws/credentials/ec2rolecreds",
    "aws/credentials/endpointcreds",
    "aws/credentials/stscreds",
    "aws/csm",
    "aws/defaults",
    "aws/ec2metadata",
    "aws/endpoints",
    "aws/request",
    "aws/session",
    "aws/signer/v4",
    "internal/sdkio",
    "internal/sdkrand",
    "internal/sdkuri",
    "internal/shareddefaults",
    "private/protocol",
    "private/protocol/json/jsonutil",
    "private/protocol/jsonrpc",
    "private/protocol/query",
    "private/protocol/query/queryutil",
    "private/protocol/rest",
    "private/protocol/xml/xmlutil",
    "service/dynamodb",
    "service/dynamodb/dynamodbattribute",
    "service/dynamodb/dynamodbiface",
    "service/sqs",
    "service/sqs/sqsiface",
    "service/sts"
  ]
  revision = "4b4fb865e4e4a972645dba0b9677e623dd83a8a8"
  version = "v1.15.53"

[[projects]]
  branch = "master"
  name = "github.com/bradfitz/gomemcache"
  packages = ["memcache"]
  revision = "bc664df9673713a0ccf26e3b55a673ec7301088b"

[[projects]]
  branch = "master"
  name = "github.com/chuckpreslar/emission"
  packages = ["."]
  revision = "a7ddd980baf9ec8ad3f2e6826ef9eacfe55b3f02"

[[projects]]
  name = "github.com/codegangsta/inject"
  packages = ["."]
  revision = "37d7f8432a3e684eef9b2edece76bdfa6ac85b39"
  version = "v1.0-rc1"

[[projects]]
  branch = "master"
  name = "github.com/containerd/continuity"
  packages = ["pathdriver"]
  revision = "be9bd761db19d4fc551d40be908f02e00487511d"

[[projects]]
  branch = "master"
  name = "github.com/docker/docker"
  packages = [
    "api/types",
    "api/types/blkiodev",
    "api/types/container",
    "api/types/filters",
    "api/types/mount",
    "api/types/network",
    "api/types/registry",
    "api/types/strslice",
    "api/types/swarm",
    "api/types/swarm/runtime",
    "api/types/versions",
    "errdefs",
    "opts",
    "pkg/fileutils",
    "pkg/homedir",
    "pkg/idtools",
    "pkg/ioutils",
    "pkg/longpath",
    "pkg/mount",
    "pkg/pools",
    "pkg/stdcopy",
    "pkg/system"
  ]
  revision = "10ebe6381e1f31faf6b66a53babe5bc4be41457a"

[[projects]]
  name = "github.com/docker/go-connections"
  packages = ["nat"]
  revision = "7395e3f8aa162843a74ed6d48e79627d9792ac55"
  version = "v0.4.0"

[[projects]]
  name = "github.com/docker/go-units"
  packages = ["."]
  revision = "47565b4f722fb6ceae66b95f853feed578a4a51c"
  version = "v0.3.3"

[[projects]]
  branch = "master"
  name = "github.com/docker/libnetwork"
  packages = ["ipamutils"]
  revision = "d7b61745d16675c9f548b19f06fda80d422a74f0"

[[projects]]
  name = "github.com/emirpasic/gods"
  packages = [
    "containers",
    "lists",
    "lists/arraylist",
    "trees",
    "trees/binaryheap",
    "utils"
  ]
  revision = "1615341f118ae12f353cc8a983f35b584342c9b3"
  version = "v1.12.0"

[[projects]]
  name = "github.com/fatih/color"
  packages = ["."]
  revision = "5b77d2a35fb0ede96d138fc9a99f5c9b6aef11b4"
  version = "v1.7.0"

[[projects]]
  name = "github.com/fsnotify/fsnotify"
  packages = ["."]
  revision = "c2828203cd70a50dcccfb2761f8b1f8ceef9a8e9"
  version = "v1.4.7"

[[projects]]
  branch = "master"
  name = "github.com/fsouza/go-dockerclient"
  packages = [
    ".",
    "internal/archive",
    "internal/jsonmessage",
    "internal/term"
  ]
  revision = "66e134a27bd897b3748c0b59e950e0ea9f336c94"

[[projects]]
  name = "github.com/ghodss/yaml"
  packages = ["."]
  revision = "0ca9ea5df5451ffdf184b4428c902747c2c11cd7"
  version = "v1.0.0"

[[projects]]
  name = "github.com/go-ini/ini"
  packages = ["."]
  revision = "7b294651033cd7d9e7f0d9ffa1b75ed1e198e737"
  version = "v1.38.3"

[[projects]]
  branch = "master"
  name = "github.com/go-macaron/binding"
  packages = ["."]
  revision = "ac54ee249c27dca7e76fad851a4a04b73bd1b183"

[[projects]]
  branch = "master"
  name = "github.com/go-macaron/cache"
  packages = ["."]
  revision = "56173531277692bc2925924d51fda1cd0a6b8178"

[[projects]]
  branch = "master"
  name = "github.com/go-macaron/captcha"
  packages = ["."]
  revision = "d2857f392769a265d5de1aea9dc5d9d63f502416"

[[projects]]
  branch = "master"
  name = "github.com/go-macaron/csrf"
  packages = ["."]
  revision = "18bf065728b477f020536b8daff07e6ffde687ae"

[[projects]]
  branch = "master"
  name = "github.com/go-macaron/inject"
  packages = ["."]
  revision = "d8a0b8677191f4380287cfebd08e462217bac7ad"

[[projects]]
  branch = "master"
  name = "github.com/go-macaron/session"
  packages = ["."]
  revision = "b8e286a0dba8f4999042d6b258daf51b31d08938"

[[projects]]
  name = "github.com/gogo/protobuf"
  packages = ["proto"]
  revision = "636bf0302bc95575d69441b25a2603156ffdddf1"
  version = "v1.1.1"

[[projects]]
  name = "github.com/golang/protobuf"
  packages = [
    "proto",
    "protoc-gen-go/descriptor",
    "ptypes",
    "ptypes/any",
    "ptypes/duration",
    "ptypes/empty",
    "ptypes/timestamp"
  ]
  revision = "aa810b61a9c79d51363740d207bb46cf8e620ed5"
  version = "v1.2.0"

[[projects]]
  name = "github.com/gomodule/redigo"
  packages = [
    "internal",
    "redis"
  ]
  revision = "9c11da706d9b7902c6da69c592f75637793fe121"
  version = "v2.0.0"

[[projects]]
  name = "github.com/google/go-github"
  packages = ["github"]
  revision = "e48060a28fac52d0f1cb758bc8b87c07bac4a87d"
  version = "v15.0.0"

[[projects]]
  name = "github.com/google/go-querystring"
  packages = ["query"]
  revision = "44c6ddd0a2342c386950e880b658017258da92fc"
  version = "v1.0.0"

[[projects]]
  name = "github.com/google/uuid"
  packages = ["."]
  revision = "d460ce9f8df2e77fb1ba55ca87fafed96c607494"
  version = "v1.0.0"

[[projects]]
  name = "github.com/googleapis/gax-go"
  packages = ["."]
  revision = "b001040cd31805261cbd978842099e326dfa857b"
  version = "v2.0.2"

[[projects]]
  name = "github.com/gorilla/websocket"
  packages = ["."]
  revision = "66b9c49e59c6c48f0ffce28c2d8b8a5678502c6d"
  version = "v1.4.0"

[[projects]]
  name = "github.com/gosexy/gettext"
  packages = ["."]
  revision = "74466a0a0c4a62fea38f44aa161d4bbfbe79dd6b"
  version = "v0.9"

[[projects]]
  name = "github.com/hashicorp/hcl"
  packages = [
    ".",
    "hcl/ast",
    "hcl/parser",
    "hcl/printer",
    "hcl/scanner",
    "hcl/strconv",
    "hcl/token",
    "json/parser",
    "json/scanner",
    "json/token"
  ]
  revision = "8cb6e5b959231cc1119e43259c4a608f9c51a241"
  version = "v1.0.0"

[[projects]]
  name = "github.com/inconshreveable/mousetrap"
  packages = ["."]
  revision = "76626ae9c91c4f2a10f34cad8ce83ea42c93bb75"
  version = "v1.0"

[[projects]]
  branch = "master"
  name = "github.com/jaypipes/ghw"
  packages = ["."]
  revision = "4bfe748e0945cc976f0dff9ef11b3355b0efc390"

[[projects]]
  branch = "master"
  name = "github.com/jaypipes/pcidb"
  packages = ["."]
  revision = "a84f50536b77c1de022a9bb457779b4ec40f4e5e"

[[projects]]
  branch = "master"
  name = "github.com/jbenet/go-context"
  packages = ["io"]
  revision = "d14ea06fba99483203c19d92cfcd13ebe73135f4"

[[projects]]
  name = "github.com/jmespath/go-jmespath"
  packages = ["."]
  revision = "0b12d6b5"

[[projects]]
  branch = "master"
  name = "github.com/juju/go4"
  packages = ["lock"]
  revision = "40d72ab9641a2a8c36a9c46a51e28367115c8e59"

[[projects]]
  branch = "master"
  name = "github.com/juju/loggo"
  packages = ["."]
  revision = "584905176618da46b895b176c721b02c476b6993"

[[projects]]
  branch = "master"
  name = "github.com/juju/persistent-cookiejar"
  packages = ["."]
  revision = "d5e5a8405ef9633c84af42fbcc734ec8dd73c198"

[[projects]]
  branch = "master"
  name = "github.com/juju/webbrowser"
  packages = ["."]
  revision = "efb9432b2bcb671b0cf2237468e209d10e2ac373"

[[projects]]
  name = "github.com/julienschmidt/httprouter"
  packages = ["."]
  revision = "348b672cd90d8190f8240323e372ecd1e66b59dc"
  version = "v1.2.0"

[[projects]]
  name = "github.com/kelseyhightower/envconfig"
  packages = ["."]
  revision = "f611eb38b3875cc3bd991ca91c51d06446afa14c"
  version = "v1.3.0"

[[projects]]
  name = "github.com/kevinburke/ssh_config"
  packages = ["."]
  revision = "81db2a75821ed34e682567d48be488a1c3121088"
  version = "0.5"

[[projects]]
  branch = "master"
  name = "github.com/koding/logging"
  packages = ["."]
  revision = "8b5a689ed69b1c7cd1e3595276fc2a352d7818e0"

[[projects]]
  name = "github.com/konsorten/go-windows-terminal-sequences"
  packages = ["."]
  revision = "5c8c8bd35d3832f5d134ae1e1e375b69a4d25242"
  version = "v1.0.1"

[[projects]]
  branch = "master"
  name = "github.com/lxc/lxd"
  packages = [
    "client",
    "lxc/config",
    "lxc/utils",
    "shared",
    "shared/api",
    "shared/cancel",
    "shared/i18n",
    "shared/ioprogress",
    "shared/logger",
    "shared/osarch",
    "shared/simplestreams",
    "shared/termios"
  ]
  revision = "4ec13e1e8b59c4b24e78f3190ff7dd14e9b1fe2c"

[[projects]]
  name = "github.com/magiconair/properties"
  packages = ["."]
  revision = "c2353362d570a7bfa228149c62842019201cfb71"
  version = "v1.8.0"

[[projects]]
  name = "github.com/markbates/goth"
  packages = [
    ".",
    "providers/github"
  ]
  revision = "f9c6649ab984d6ea71ef1e13b7b1cdffcf4592d3"
  version = "v1.46.1"

[[projects]]
  name = "github.com/mattn/go-colorable"
  packages = ["."]
  revision = "167de6bfdfba052fa6b2d3664c8f5272e23c9072"
  version = "v0.0.9"

[[projects]]
  name = "github.com/mattn/go-isatty"
  packages = ["."]
  revision = "6ca4dbf54d38eea1a992b3c722a76a5d1c4cb25c"
  version = "v0.0.4"

[[projects]]
  branch = "master"
  name = "github.com/michaelklishin/rabbit-hole"
  packages = ["."]
  revision = "54e00efceb23bbd3850623abc83c8ecb10597773"

[[projects]]
  branch = "master"
  name = "github.com/microcosm-cc/bluemonday"
  packages = ["."]
  revision = "82c7118e8ccf7403d4860175d97bb635e8e28239"

[[projects]]
  name = "github.com/mitchellh/go-homedir"
  packages = ["."]
  revision = "ae18d6b8b3205b561c79e8e5f69bff09736185f4"
  version = "v1.0.0"

[[projects]]
  name = "github.com/mitchellh/mapstructure"
  packages = ["."]
  revision = "3536a929edddb9a5b34bd6861dc4a9647cb459fe"
  version = "v1.1.2"

[[projects]]
  branch = "master"
  name = "github.com/mudler/anagent"
  packages = ["."]
  revision = "626d9ac35e3e4b5af2735542ac49a511784b4bc8"

[[projects]]
  branch = "master"
  name = "github.com/mxk/go-flowrate"
  packages = ["flowrate"]
  revision = "cca7078d478f8520f85629ad7c68962d31ed7682"

[[projects]]
  name = "github.com/opencontainers/go-digest"
  packages = ["."]
  revision = "279bed98673dd5bef374d3b6e4b09e2af76183bf"
  version = "v1.0.0-rc1"

[[projects]]
  name = "github.com/opencontainers/image-spec"
  packages = [
    "specs-go",
    "specs-go/v1"
  ]
  revision = "d60099175f88c47cd379c4738d158884749ed235"
  version = "v1.0.1"

[[projects]]
  name = "github.com/opencontainers/runc"
  packages = ["libcontainer/user"]
  revision = "baf6536d6259209c3edfa2b22237af82942d3dfa"
  version = "v0.1.1"

[[projects]]
  name = "github.com/opentracing/opentracing-go"
  packages = [
    ".",
    "ext",
    "log"
  ]
  revision = "1949ddbfd147afd4d964a9f00b24eb291e0e7c38"
  version = "v1.0.2"

[[projects]]
  name = "github.com/pelletier/go-buffruneio"
  packages = ["."]
  revision = "c37440a7cf42ac63b919c752ca73a85067e05992"
  version = "v0.2.0"

[[projects]]
  name = "github.com/pelletier/go-toml"
  packages = ["."]
  revision = "c01d1270ff3e442a8a57cddc1c92dc1138598194"
  version = "v1.2.0"

[[projects]]
  name = "github.com/pkg/errors"
  packages = ["."]
  revision = "645ef00459ed84a119197bfb8d8205042c6df63d"
  version = "v0.8.0"

[[projects]]
  name = "github.com/robfig/cron"
  packages = ["."]
  revision = "b41be1df696709bb6395fe435af20370037c0b4c"
  version = "v1.1"

[[projects]]
  branch = "master"
  name = "github.com/rogpeppe/fastuuid"
  packages = ["."]
  revision = "6724a57986aff9bff1a1770e9347036def7c89f6"

[[projects]]
  name = "github.com/sergi/go-diff"
  packages = ["diffmatchpatch"]
  revision = "1744e2970ca51c86172c8190fadad617561ed6e7"
  version = "v1.0.0"

[[projects]]
  name = "github.com/sethvargo/go-password"
  packages = ["password"]
  revision = "bc15c697eeda69a082991d2f1ed37660658fea32"
  version = "v0.1.2"

[[projects]]
  name = "github.com/sirupsen/logrus"
  packages = ["."]
  revision = "ad15b42461921f1fb3529b058c6786c6a45d5162"
  version = "v1.1.1"

[[projects]]
  name = "github.com/spf13/afero"
  packages = [
    ".",
    "mem"
  ]
  revision = "d40851caa0d747393da1ffb28f7f9d8b4eeffebd"
  version = "v1.1.2"

[[projects]]
  name = "github.com/spf13/cast"
  packages = ["."]
  revision = "8965335b8c7107321228e3e3702cab9832751bac"
  version = "v1.2.0"

[[projects]]
  name = "github.com/spf13/cobra"
  packages = ["."]
  revision = "ef82de70bb3f60c65fb8eebacbb2d122ef517385"
  version = "v0.0.3"

[[projects]]
  name = "github.com/spf13/jwalterweatherman"
  packages = ["."]
  revision = "4a4406e478ca629068e7768fc33f3f044173c0a6"
  version = "v1.0.0"

[[projects]]
  name = "github.com/spf13/pflag"
  packages = ["."]
  revision = "298182f68c66c05229eb03ac171abe6e309ee79a"
  version = "v1.0.3"

[[projects]]
  name = "github.com/spf13/viper"
  packages = ["."]
  revision = "2c12c60302a5a0e62ee102ca9bc996277c2f64f5"
  version = "v1.2.1"

[[projects]]
  name = "github.com/src-d/gcfg"
  packages = [
    ".",
    "scanner",
    "token",
    "types"
  ]
  revision = "f187355171c936ac84a82793659ebb4936bc1c23"
  version = "v1.3.0"

[[projects]]
  branch = "master"
  name = "github.com/streadway/amqp"
  packages = ["."]
  revision = "70e15c650864f4fc47f5d3c82ea117285480895d"

[[projects]]
  name = "github.com/theckman/go-flock"
  packages = ["."]
  revision = "b139a2487364247d91814e4a7c7b8fdc69e342b2"
  version = "v0.4.0"

[[projects]]
  name = "github.com/xanzy/ssh-agent"
  packages = ["."]
  revision = "640f0ab560aeb89d523bb6ac322b1244d5c3796c"
  version = "v0.2.0"

[[projects]]
  name = "go.opencensus.io"
  packages = [
    ".",
    "exemplar",
    "internal",
    "internal/tagencoding",
    "plugin/ocgrpc",
    "plugin/ochttp",
    "plugin/ochttp/propagation/b3",
    "stats",
    "stats/internal",
    "stats/view",
    "tag",
    "trace",
    "trace/internal",
    "trace/propagation",
    "trace/tracestate"
  ]
  revision = "b7bf3cdb64150a8c8c53b769fdeb2ba581bd4d4b"
  version = "v0.18.0"

[[projects]]
  branch = "master"
  name = "golang.org/x/crypto"
  packages = [
    "argon2",
    "bcrypt",
    "blake2b",
    "blowfish",
    "cast5",
    "curve25519",
    "ed25519",
    "ed25519/internal/edwards25519",
    "internal/chacha20",
    "internal/subtle",
    "nacl/box",
    "nacl/secretbox",
    "openpgp",
    "openpgp/armor",
    "openpgp/elgamal",
    "openpgp/errors",
    "openpgp/packet",
    "openpgp/s2k",
    "pbkdf2",
    "poly1305",
    "salsa20/salsa",
    "scrypt",
    "ssh",
    "ssh/agent",
    "ssh/knownhosts",
    "ssh/terminal"
  ]
  revision = "a92615f3c49003920a58dedcf32cf55022cefb8d"

[[projects]]
  branch = "master"
  name = "golang.org/x/net"
  packages = [
    "context",
    "context/ctxhttp",
    "html",
    "html/atom",
    "http/httpguts",
    "http2",
    "http2/hpack",
    "idna",
    "internal/timeseries",
    "publicsuffix",
    "trace"
  ]
  revision = "49bb7cea24b1df9410e1712aa6433dae904ff66a"

[[projects]]
  branch = "master"
  name = "golang.org/x/oauth2"
  packages = [
    ".",
    "google",
    "internal",
    "jws",
    "jwt"
  ]
  revision = "c57b0facaced709681d9f90397429b9430a74754"

[[projects]]
  branch = "master"
  name = "golang.org/x/sync"
  packages = [
    "errgroup",
    "semaphore"
  ]
  revision = "42b317875d0fa942474b76e1b46a6060d720ae6e"

[[projects]]
  branch = "master"
  name = "golang.org/x/sys"
  packages = [
    "cpu",
    "unix",
    "windows"
  ]
  revision = "fa43e7bc11baaae89f3f902b2b4d832b68234844"

[[projects]]
  name = "golang.org/x/text"
  packages = [
    "collate",
    "collate/build",
    "internal/colltab",
    "internal/gen",
    "internal/tag",
    "internal/triegen",
    "internal/ucd",
    "language",
    "secure/bidirule",
    "transform",
    "unicode/bidi",
    "unicode/cldr",
    "unicode/norm",
    "unicode/rangetable"
  ]
  revision = "f21a4dfb5e38f5895301dc265a8def02365cc3d0"
  version = "v0.3.0"

[[projects]]
  branch = "master"
  name = "google.golang.org/api"
  packages = [
    "googleapi/transport",
    "internal",
    "iterator",
    "option",
    "support/bundler",
    "transport",
    "transport/grpc",
    "transport/http",
    "transport/http/internal/propagation"
  ]
  revision = "00684f929d85c4c6df3e30b2613cfcc4e5b33090"

[[projects]]
  name = "google.golang.org/appengine"
  packages = [
    ".",
    "internal",
    "internal/app_identity",
    "internal/base",
    "internal/datastore",
    "internal/log",
    "internal/modules",
    "internal/remote_api",
    "internal/socket",
    "internal/urlfetch",
    "socket",
    "urlfetch"
  ]
  revision = "ae0ab99deb4dc413a2b4bd6c8bdd0eb67f1e4d06"
  version = "v1.2.0"

[[projects]]
  branch = "master"
  name = "google.golang.org/genproto"
  packages = [
    "googleapis/api/annotations",
    "googleapis/iam/v1",
    "googleapis/pubsub/v1",
    "googleapis/rpc/status",
    "protobuf/field_mask"
  ]
  revision = "bd91e49a0898e27abb88c339b432fa53d7497ac0"

[[projects]]
  name = "google.golang.org/grpc"
  packages = [
    ".",
    "balancer",
    "balancer/base",
    "balancer/roundrobin",
    "codes",
    "connectivity",
    "credentials",
    "credentials/oauth",
    "encoding",
    "encoding/proto",
    "grpclog",
    "internal",
    "internal/backoff",
    "internal/channelz",
    "internal/envconfig",
    "internal/grpcrand",
    "internal/transport",
    "keepalive",
    "metadata",
    "naming",
    "peer",
    "resolver",
    "resolver/dns",
    "resolver/passthrough",
    "stats",
    "status",
    "tap"
  ]
  revision = "2e463a05d100327ca47ac218281906921038fd95"
  version = "v1.16.0"

[[projects]]
  name = "gopkg.in/clog.v1"
  packages = ["."]
  revision = "3bc2eaba5fa35df0338549cc1180dc45f6fc2a16"
  version = "v1.2.0"

[[projects]]
  name = "gopkg.in/errgo.v1"
  packages = ["."]
  revision = "b20caedf0710d0988e92b5f2d76843ad1f231f2d"
  version = "v1.0.0"

[[projects]]
  name = "gopkg.in/go-playground/webhooks.v3"
  packages = [
    ".",
    "github"
  ]
  revision = "8ffb2ffc32b7af2c7e940944eccba4dcd66c692a"
  version = "v3.13.0"

[[projects]]
  name = "gopkg.in/hlandau/easymetric.v1"
  packages = ["cexp"]
  revision = "1c173222e345c2ba115e0f483821c6da2d3b0fa9"
  version = "v1.0.0"

[[projects]]
  name = "gopkg.in/hlandau/measurable.v1"
  packages = ["."]
  revision = "d96a009bd9bda94dd1294105e67e8c1794e533d3"
  version = "v1.0.1"

[[projects]]
  name = "gopkg.in/hlandau/passlib.v1"
  packages = [
    "abstract",
    "hash/argon2",
    "hash/argon2/raw",
    "hash/bcrypt",
    "hash/bcryptsha256",
    "hash/pbkdf2",
    "hash/pbkdf2/raw",
    "hash/scrypt",
    "hash/scrypt/raw",
    "hash/sha2crypt",
    "hash/sha2crypt/raw"
  ]
  revision = "b833d45cabf4a5151d9f955811216c6e7e377537"
  version = "v1.0.10"

[[projects]]
  name = "gopkg.in/httprequest.v1"
  packages = ["."]
  revision = "a1015531595ff2ed1a0c126b55da352e6923eaac"
  version = "v1.1.2"

[[projects]]
  name = "gopkg.in/ini.v1"
  packages = ["."]
  revision = "7b294651033cd7d9e7f0d9ffa1b75ed1e198e737"
  version = "v1.38.3"

[[projects]]
  name = "gopkg.in/macaron.v1"
  packages = ["."]
  revision = "c1be95e6d21e769e44e1ec33cec9da5837861c10"
  version = "v1.3.1"

[[projects]]
  name = "gopkg.in/macaroon-bakery.v2"
  packages = [
    "bakery",
    "bakery/checkers",
    "bakery/internal/macaroonpb",
    "httpbakery",
    "internal/httputil"
  ]
  revision = "a0743b6619d68bbf8dc5cabbb49738b846f06080"
  version = "v2.1.0"

[[projects]]
  name = "gopkg.in/macaroon.v2"
  packages = ["."]
  revision = "bed2a428da6e56d950bed5b41fcbae3141e5b0d0"
  version = "v2.0.0"

[[projects]]
  branch = "v2"
  name = "gopkg.in/mgo.v2"
  packages = [
    ".",
    "bson",
    "internal/json",
    "internal/sasl",
    "internal/scram"
  ]
  revision = "9856a29383ce1c59f308dd1cf0363a79b5bef6b5"

[[projects]]
  name = "gopkg.in/retry.v1"
  packages = ["."]
  revision = "87155f248cf6ea9e38ae7613f9ea1e5bb397ac83"
  version = "v1.0.2"

[[projects]]
  name = "gopkg.in/src-d/go-billy.v4"
  packages = [
    ".",
    "helper/chroot",
    "helper/polyfill",
    "osfs",
    "util"
  ]
  revision = "982626487c60a5252e7d0b695ca23fb0fa2fd670"
  version = "v4.3.0"

[[projects]]
  name = "gopkg.in/src-d/go-git.v4"
  packages = [
    ".",
    "config",
    "internal/revision",
    "plumbing",
    "plumbing/cache",
    "plumbing/filemode",
    "plumbing/format/config",
    "plumbing/format/diff",
    "plumbing/format/gitignore",
    "plumbing/format/idxfile",
    "plumbing/format/index",
    "plumbing/format/objfile",
    "plumbing/format/packfile",
    "plumbing/format/pktline",
    "plumbing/object",
    "plumbing/protocol/packp",
    "plumbing/protocol/packp/capability",
    "plumbing/protocol/packp/sideband",
    "plumbing/revlist",
    "plumbing/storer",
    "plumbing/transport",
    "plumbing/transport/client",
    "plumbing/transport/file",
    "plumbing/transport/git",
    "plumbing/transport/http",
    "plumbing/transport/internal/common",
    "plumbing/transport/server",
    "plumbing/transport/ssh",
    "storage",
    "storage/filesystem",
    "storage/filesystem/dotgit",
    "storage/memory",
    "utils/binary",
    "utils/diff",
    "utils/ioutil",
    "utils/merkletrie",
    "utils/merkletrie/filesystem",
    "utils/merkletrie/index",
    "utils/merkletrie/internal/frame",
    "utils/merkletrie/noder"
  ]
  revision = "d3cec13ac0b195bfb897ed038a08b5130ab9969e"
  version = "v4.7.0"

[[projects]]
  name = "gopkg.in/warnings.v0"
  packages = ["."]
  revision = "ec4a0fea49c7b46c2aeb0b51aac55779c607e52b"
  version = "v0.1.2"

[[projects]]
  name = "gopkg.in/yaml.v2"
  packages = ["."]
  revision = "5420a8b6744d3b0345ab293f6fcba19c978f1183"
  version = "v2.2.1"

[solve-meta]
  analyzer-name = "dep"
  analyzer-version = 1
  inputs-digest = "fb9f66006d335f6b68d3c7030c217dc8d1a424ca37f42aafe518d54c1540ca1d"
  solver-name = "gps-cdcl"
  solver-version = 1
